{
  "name": "de_celigo_error_ts",
  "version": "1.0.0",
  "lockfileVersion": 3,
  "requires": true,
  "packages": {
    "": {
      "name": "de_celigo_error_ts",
      "version": "1.0.0",
      "devDependencies": {
        "@hitc/netsuite-types": "^2024.2.12",
        "typescript": "^5.7.3"
      }
    },
    "node_modules/@hitc/netsuite-types": {
      "version": "2024.2.12",
      "resolved": "https://registry.npmjs.org/@hitc/netsuite-types/-/netsuite-types-2024.2.12.tgz",
      "integrity": "sha512-2q5VxIxNjp9bytt/wLUP+i2ZFsF6fr9j5/qCL+/2JV+66r9xjyl5KZaHfBm5J91J+HlOSZcGnvtESgDn8Ghk1Q==",
      "dev": true
    },
    "node_modules/typescript": {
      "version": "5.7.3",
      "resolved": "https://registry.npmjs.org/typescript/-/typescript-5.7.3.tgz",
      "integrity": "sha512-84MVSjMEHP+FQRPy3pX9sTVV/INIex71s9TL2Gm5FG/WG1SqXeKyZ0k7/blY/4FdOzI12CBy1vGc4og/eus0fw==",
      "dev": true,
      "bin": {
        "tsc": "bin/tsc",
        "tsserver": "bin/tsserver"
      },
      "engines": {
        "node": ">=14.17"
      }
    }
  }
}
